// !$*UTF8*$!
{
	archiveVersion = 1;
	classes = {
	};
	objectVersion = 50;
	objects = {

/* Begin PBXBuildFile section */
		7638E7BC21E1950F00EB5B98 /* Scan@3x.png in Resources */ = {isa = PBXBuildFile; fileRef = 7638E7B921E1950E00EB5B98 /* Scan@3x.png */; };
		7638E7BD21E1950F00EB5B98 /* Scan@2x.png in Resources */ = {isa = PBXBuildFile; fileRef = 7638E7BA21E1950F00EB5B98 /* Scan@2x.png */; };
		7638E7CC21E435C000EB5B98 /* Present.png in Resources */ = {isa = PBXBuildFile; fileRef = 7638E7CB21E435C000EB5B98 /* Present.png */; };
		7638E7CE21E5712F00EB5B98 /* PresentController.swift in Sources */ = {isa = PBXBuildFile; fileRef = 7638E7CD21E5712F00EB5B98 /* PresentController.swift */; };
		7651272C21E5770F0005ADCB /* ScanController.swift in Sources */ = {isa = PBXBuildFile; fileRef = 7651272B21E5770F0005ADCB /* ScanController.swift */; };
		76FDEBD421DAACD4005EF4D5 /* AppDelegate.swift in Sources */ = {isa = PBXBuildFile; fileRef = 76FDEBD321DAACD4005EF4D5 /* AppDelegate.swift */; };
		76FDEBD921DAACD4005EF4D5 /* Main.storyboard in Resources */ = {isa = PBXBuildFile; fileRef = 76FDEBD721DAACD4005EF4D5 /* Main.storyboard */; };
		76FDEBDB21DAACD5005EF4D5 /* Assets.xcassets in Resources */ = {isa = PBXBuildFile; fileRef = 76FDEBDA21DAACD5005EF4D5 /* Assets.xcassets */; };
		76FDEBE921DAACD5005EF4D5 /* Qontact_v2Tests.swift in Sources */ = {isa = PBXBuildFile; fileRef = 76FDEBE821DAACD5005EF4D5 /* Qontact_v2Tests.swift */; };
		76FDEBF421DAACD5005EF4D5 /* Qontact_v2UITests.swift in Sources */ = {isa = PBXBuildFile; fileRef = 76FDEBF321DAACD5005EF4D5 /* Qontact_v2UITests.swift */; };
/* End PBXBuildFile section */

/* Begin PBXContainerItemProxy section */
		76FDEBE521DAACD5005EF4D5 /* PBXContainerItemProxy */ = {
			isa = PBXContainerItemProxy;
			containerPortal = 76FDEBC821DAACD4005EF4D5 /* Project object */;
			proxyType = 1;
			remoteGlobalIDString = 76FDEBCF21DAACD4005EF4D5;
			remoteInfo = "Qontact-v2";
		};
		76FDEBF021DAACD5005EF4D5 /* PBXContainerItemProxy */ = {
			isa = PBXContainerItemProxy;
			containerPortal = 76FDEBC821DAACD4005EF4D5 /* Project object */;
			proxyType = 1;
			remoteGlobalIDString = 76FDEBCF21DAACD4005EF4D5;
			remoteInfo = "Qontact-v2";
		};
/* End PBXContainerItemProxy section */

/* Begin PBXFileReference section */
		7638E7B921E1950E00EB5B98 /* Scan@3x.png */ = {isa = PBXFileReference; lastKnownFileType = image.png; path = "Scan@3x.png"; sourceTree = "<group>"; };
		7638E7BA21E1950F00EB5B98 /* Scan@2x.png */ = {isa = PBXFileReference; lastKnownFileType = image.png; path = "Scan@2x.png"; sourceTree = "<group>"; };
		7638E7C821E195E500EB5B98 /* Scan.png */ = {isa = PBXFileReference; lastKnownFileType = image.png; path = Scan.png; sourceTree = "<group>"; };
		7638E7CB21E435C000EB5B98 /* Present.png */ = {isa = PBXFileReference; lastKnownFileType = image.png; name = Present.png; path = ../../../../../../Desktop/Present.png; sourceTree = "<group>"; };
		7638E7CD21E5712F00EB5B98 /* PresentController.swift */ = {isa = PBXFileReference; lastKnownFileType = sourcecode.swift; path = PresentController.swift; sourceTree = "<group>"; };
		7651272B21E5770F0005ADCB /* ScanController.swift */ = {isa = PBXFileReference; lastKnownFileType = sourcecode.swift; path = ScanController.swift; sourceTree = "<group>"; };
		76FDEBD021DAACD4005EF4D5 /* Qontact-v2.app */ = {isa = PBXFileReference; explicitFileType = wrapper.application; includeInIndex = 0; path = "Qontact-v2.app"; sourceTree = BUILT_PRODUCTS_DIR; };
		76FDEBD321DAACD4005EF4D5 /* AppDelegate.swift */ = {isa = PBXFileReference; lastKnownFileType = sourcecode.swift; path = AppDelegate.swift; sourceTree = "<group>"; };
		76FDEBD821DAACD4005EF4D5 /* Base */ = {isa = PBXFileReference; lastKnownFileType = file.storyboard; name = Base; path = Base.lproj/Main.storyboard; sourceTree = "<group>"; };
		76FDEBDA21DAACD5005EF4D5 /* Assets.xcassets */ = {isa = PBXFileReference; lastKnownFileType = folder.assetcatalog; path = Assets.xcassets; sourceTree = "<group>"; };
		76FDEBDF21DAACD5005EF4D5 /* Info.plist */ = {isa = PBXFileReference; lastKnownFileType = text.plist.xml; path = Info.plist; sourceTree = "<group>"; };
		76FDEBE421DAACD5005EF4D5 /* Qontact-v2Tests.xctest */ = {isa = PBXFileReference; explicitFileType = wrapper.cfbundle; includeInIndex = 0; path = "Qontact-v2Tests.xctest"; sourceTree = BUILT_PRODUCTS_DIR; };
		76FDEBE821DAACD5005EF4D5 /* Qontact_v2Tests.swift */ = {isa = PBXFileReference; lastKnownFileType = sourcecode.swift; path = Qontact_v2Tests.swift; sourceTree = "<group>"; };
		76FDEBEA21DAACD5005EF4D5 /* Info.plist */ = {isa = PBXFileReference; lastKnownFileType = text.plist.xml; path = Info.plist; sourceTree = "<group>"; };
		76FDEBEF21DAACD5005EF4D5 /* Qontact-v2UITests.xctest */ = {isa = PBXFileReference; explicitFileType = wrapper.cfbundle; includeInIndex = 0; path = "Qontact-v2UITests.xctest"; sourceTree = BUILT_PRODUCTS_DIR; };
		76FDEBF321DAACD5005EF4D5 /* Qontact_v2UITests.swift */ = {isa = PBXFileReference; lastKnownFileType = sourcecode.swift; path = Qontact_v2UITests.swift; sourceTree = "<group>"; };
		76FDEBF521DAACD5005EF4D5 /* Info.plist */ = {isa = PBXFileReference; lastKnownFileType = text.plist.xml; path = Info.plist; sourceTree = "<group>"; };
/* End PBXFileReference section */

/* Begin PBXFrameworksBuildPhase section */
		76FDEBCD21DAACD4005EF4D5 /* Frameworks */ = {
			isa = PBXFrameworksBuildPhase;
			buildActionMask = 2147483647;
			files = (
			);
			runOnlyForDeploymentPostprocessing = 0;
		};
		76FDEBE121DAACD5005EF4D5 /* Frameworks */ = {
			isa = PBXFrameworksBuildPhase;
			buildActionMask = 2147483647;
			files = (
			);
			runOnlyForDeploymentPostprocessing = 0;
		};
		76FDEBEC21DAACD5005EF4D5 /* Frameworks */ = {
			isa = PBXFrameworksBuildPhase;
			buildActionMask = 2147483647;
			files = (
			);
			runOnlyForDeploymentPostprocessing = 0;
		};
/* End PBXFrameworksBuildPhase section */

/* Begin PBXGroup section */
		7638E7C721E195DB00EB5B98 /* icoScan */ = {
			isa = PBXGroup;
			children = (
				7638E7C821E195E500EB5B98 /* Scan.png */,
				7638E7B921E1950E00EB5B98 /* Scan@3x.png */,
				7638E7CB21E435C000EB5B98 /* Present.png */,
				7638E7BA21E1950F00EB5B98 /* Scan@2x.png */,
			);
			path = icoScan;
			sourceTree = "<group>";
		};
		76FDEBC721DAACD4005EF4D5 = {
			isa = PBXGroup;
			children = (
				76FDEBD221DAACD4005EF4D5 /* Qontact-v2 */,
				76FDEBE721DAACD5005EF4D5 /* Qontact-v2Tests */,
				76FDEBF221DAACD5005EF4D5 /* Qontact-v2UITests */,
				76FDEBD121DAACD4005EF4D5 /* Products */,
			);
			sourceTree = "<group>";
		};
		76FDEBD121DAACD4005EF4D5 /* Products */ = {
			isa = PBXGroup;
			children = (
				76FDEBD021DAACD4005EF4D5 /* Qontact-v2.app */,
				76FDEBE421DAACD5005EF4D5 /* Qontact-v2Tests.xctest */,
				76FDEBEF21DAACD5005EF4D5 /* Qontact-v2UITests.xctest */,
			);
			name = Products;
			sourceTree = "<group>";
		};
		76FDEBD221DAACD4005EF4D5 /* Qontact-v2 */ = {
			isa = PBXGroup;
			children = (
				7638E7C721E195DB00EB5B98 /* icoScan */,
				76FDEBD321DAACD4005EF4D5 /* AppDelegate.swift */,
				7638E7CD21E5712F00EB5B98 /* PresentController.swift */,
				7651272B21E5770F0005ADCB /* ScanController.swift */,
				76FDEBD721DAACD4005EF4D5 /* Main.storyboard */,
				76FDEBDA21DAACD5005EF4D5 /* Assets.xcassets */,
				76FDEBDF21DAACD5005EF4D5 /* Info.plist */,
			);
			path = "Qontact-v2";
			sourceTree = "<group>";
		};
		76FDEBE721DAACD5005EF4D5 /* Qontact-v2Tests */ = {
			isa = PBXGroup;
			children = (
				76FDEBE821DAACD5005EF4D5 /* Qontact_v2Tests.swift */,
				76FDEBEA21DAACD5005EF4D5 /* Info.plist */,
			);
			path = "Qontact-v2Tests";
			sourceTree = "<group>";
		};
		76FDEBF221DAACD5005EF4D5 /* Qontact-v2UITests */ = {
			isa = PBXGroup;
			children = (
				76FDEBF321DAACD5005EF4D5 /* Qontact_v2UITests.swift */,
				76FDEBF521DAACD5005EF4D5 /* Info.plist */,
			);
			path = "Qontact-v2UITests";
			sourceTree = "<group>";
		};
/* End PBXGroup section */

/* Begin PBXNativeTarget section */
		76FDEBCF21DAACD4005EF4D5 /* Qontact-v2 */ = {
			isa = PBXNativeTarget;
			buildConfigurationList = 76FDEBF821DAACD5005EF4D5 /* Build configuration list for PBXNativeTarget "Qontact-v2" */;
			buildPhases = (
				76FDEBCC21DAACD4005EF4D5 /* Sources */,
				76FDEBCD21DAACD4005EF4D5 /* Frameworks */,
				76FDEBCE21DAACD4005EF4D5 /* Resources */,
			);
			buildRules = (
			);
			dependencies = (
			);
			name = "Qontact-v2";
			productName = "Qontact-v2";
			productReference = 76FDEBD021DAACD4005EF4D5 /* Qontact-v2.app */;
			productType = "com.apple.product-type.application";
		};
		76FDEBE321DAACD5005EF4D5 /* Qontact-v2Tests */ = {
			isa = PBXNativeTarget;
			buildConfigurationList = 76FDEBFB21DAACD5005EF4D5 /* Build configuration list for PBXNativeTarget "Qontact-v2Tests" */;
			buildPhases = (
				76FDEBE021DAACD5005EF4D5 /* Sources */,
				76FDEBE121DAACD5005EF4D5 /* Frameworks */,
				76FDEBE221DAACD5005EF4D5 /* Resources */,
			);
			buildRules = (
			);
			dependencies = (
				76FDEBE621DAACD5005EF4D5 /* PBXTargetDependency */,
			);
			name = "Qontact-v2Tests";
			productName = "Qontact-v2Tests";
			productReference = 76FDEBE421DAACD5005EF4D5 /* Qontact-v2Tests.xctest */;
			productType = "com.apple.product-type.bundle.unit-test";
		};
		76FDEBEE21DAACD5005EF4D5 /* Qontact-v2UITests */ = {
			isa = PBXNativeTarget;
			buildConfigurationList = 76FDEBFE21DAACD5005EF4D5 /* Build configuration list for PBXNativeTarget "Qontact-v2UITests" */;
			buildPhases = (
				76FDEBEB21DAACD5005EF4D5 /* Sources */,
				76FDEBEC21DAACD5005EF4D5 /* Frameworks */,
				76FDEBED21DAACD5005EF4D5 /* Resources */,
			);
			buildRules = (
			);
			dependencies = (
				76FDEBF121DAACD5005EF4D5 /* PBXTargetDependency */,
			);
			name = "Qontact-v2UITests";
			productName = "Qontact-v2UITests";
			productReference = 76FDEBEF21DAACD5005EF4D5 /* Qontact-v2UITests.xctest */;
			productType = "com.apple.product-type.bundle.ui-testing";
		};
/* End PBXNativeTarget section */

/* Begin PBXProject section */
		76FDEBC821DAACD4005EF4D5 /* Project object */ = {
			isa = PBXProject;
			attributes = {
				LastSwiftUpdateCheck = 1010;
				LastUpgradeCheck = 1010;
				ORGANIZATIONNAME = "Rohin chandra";
				TargetAttributes = {
					76FDEBCF21DAACD4005EF4D5 = {
						CreatedOnToolsVersion = 10.1;
					};
					76FDEBE321DAACD5005EF4D5 = {
						CreatedOnToolsVersion = 10.1;
						TestTargetID = 76FDEBCF21DAACD4005EF4D5;
					};
					76FDEBEE21DAACD5005EF4D5 = {
						CreatedOnToolsVersion = 10.1;
						TestTargetID = 76FDEBCF21DAACD4005EF4D5;
					};
				};
			};
			buildConfigurationList = 76FDEBCB21DAACD4005EF4D5 /* Build configuration list for PBXProject "Qontact-v2" */;
			compatibilityVersion = "Xcode 9.3";
			developmentRegion = en;
			hasScannedForEncodings = 0;
			knownRegions = (
				en,
				Base,
			);
			mainGroup = 76FDEBC721DAACD4005EF4D5;
			productRefGroup = 76FDEBD121DAACD4005EF4D5 /* Products */;
			projectDirPath = "";
			projectRoot = "";
			targets = (
				76FDEBCF21DAACD4005EF4D5 /* Qontact-v2 */,
				76FDEBE321DAACD5005EF4D5 /* Qontact-v2Tests */,
				76FDEBEE21DAACD5005EF4D5 /* Qontact-v2UITests */,
			);
		};
/* End PBXProject section */

/* Begin PBXResourcesBuildPhase section */
		76FDEBCE21DAACD4005EF4D5 /* Resources */ = {
			isa = PBXResourcesBuildPhase;
			buildActionMask = 2147483647;
			files = (
				76FDEBDB21DAACD5005EF4D5 /* Assets.xcassets in Resources */,
				7638E7BD21E1950F00EB5B98 /* Scan@2x.png in Resources */,
				7638E7BC21E1950F00EB5B98 /* Scan@3x.png in Resources */,
				76FDEBD921DAACD4005EF4D5 /* Main.storyboard in Resources */,
				7638E7CC21E435C000EB5B98 /* Present.png in Resources */,
			);
			runOnlyForDeploymentPostprocessing = 0;
		};
		76FDEBE221DAACD5005EF4D5 /* Resources */ = {
			isa = PBXResourcesBuildPhase;
			buildActionMask = 2147483647;
			files = (
			);
			runOnlyForDeploymentPostprocessing = 0;
		};
		76FDEBED21DAACD5005EF4D5 /* Resources */ = {
			isa = PBXResourcesBuildPhase;
			buildActionMask = 2147483647;
			files = (
			);
			runOnlyForDeploymentPostprocessing = 0;
		};
/* End PBXResourcesBuildPhase section */

/* Begin PBXSourcesBuildPhase section */
		76FDEBCC21DAACD4005EF4D5 /* Sources */ = {
			isa = PBXSourcesBuildPhase;
			buildActionMask = 2147483647;
			files = (
				7638E7CE21E5712F00EB5B98 /* PresentController.swift in Sources */,
				7651272C21E5770F0005ADCB /* ScanController.swift in Sources */,
				76FDEBD421DAACD4005EF4D5 /* AppDelegate.swift in Sources */,
			);
			runOnlyForDeploymentPostprocessing = 0;
		};
		76FDEBE021DAACD5005EF4D5 /* Sources */ = {
			isa = PBXSourcesBuildPhase;
			buildActionMask = 2147483647;
			files = (
				76FDEBE921DAACD5005EF4D5 /* Qontact_v2Tests.swift in Sources */,
			);
			runOnlyForDeploymentPostprocessing = 0;
		};
		76FDEBEB21DAACD5005EF4D5 /* Sources */ = {
			isa = PBXSourcesBuildPhase;
			buildActionMask = 2147483647;
			files = (
				76FDEBF421DAACD5005EF4D5 /* Qontact_v2UITests.swift in Sources */,
			);
			runOnlyForDeploymentPostprocessing = 0;
		};
/* End PBXSourcesBuildPhase section */

/* Begin PBXTargetDependency section */
		76FDEBE621DAACD5005EF4D5 /* PBXTargetDependency */ = {
			isa = PBXTargetDependency;
			target = 76FDEBCF21DAACD4005EF4D5 /* Qontact-v2 */;
			targetProxy = 76FDEBE521DAACD5005EF4D5 /* PBXContainerItemProxy */;
		};
		76FDEBF121DAACD5005EF4D5 /* PBXTargetDependency */ = {
			isa = PBXTargetDependency;
			target = 76FDEBCF21DAACD4005EF4D5 /* Qontact-v2 */;
			targetProxy = 76FDEBF021DAACD5005EF4D5 /* PBXContainerItemProxy */;
		};
/* End PBXTargetDependency section */

/* Begin PBXVariantGroup section */
		76FDEBD721DAACD4005EF4D5 /* Main.storyboard */ = {
			isa = PBXVariantGroup;
			children = (
				76FDEBD821DAACD4005EF4D5 /* Base */,
			);
			name = Main.storyboard;
			sourceTree = "<group>";
		};
/* End PBXVariantGroup section */

/* Begin XCBuildConfiguration section */
		76FDEBF621DAACD5005EF4D5 /* Debug */ = {
			isa = XCBuildConfiguration;
			buildSettings = {
				ALWAYS_SEARCH_USER_PATHS = NO;
				CLANG_ANALYZER_NONNULL = YES;
				CLANG_ANALYZER_NUMBER_OBJECT_CONVERSION = YES_AGGRESSIVE;
				CLANG_CXX_LANGUAGE_STANDARD = "gnu++14";
				CLANG_CXX_LIBRARY = "libc++";
				CLANG_ENABLE_MODULES = YES;
				CLANG_ENABLE_OBJC_ARC = YES;
				CLANG_ENABLE_OBJC_WEAK = YES;
				CLANG_WARN_BLOCK_CAPTURE_AUTORELEASING = YES;
				CLANG_WARN_BOOL_CONVERSION = YES;
				CLANG_WARN_COMMA = YES;
				CLANG_WARN_CONSTANT_CONVERSION = YES;
				CLANG_WARN_DEPRECATED_OBJC_IMPLEMENTATIONS = YES;
				CLANG_WARN_DIRECT_OBJC_ISA_USAGE = YES_ERROR;
				CLANG_WARN_DOCUMENTATION_COMMENTS = YES;
				CLANG_WARN_EMPTY_BODY = YES;
				CLANG_WARN_ENUM_CONVERSION = YES;
				CLANG_WARN_INFINITE_RECURSION = YES;
				CLANG_WARN_INT_CONVERSION = YES;
				CLANG_WARN_NON_LITERAL_NULL_CONVERSION = YES;
				CLANG_WARN_OBJC_IMPLICIT_RETAIN_SELF = YES;
				CLANG_WARN_OBJC_LITERAL_CONVERSION = YES;
				CLANG_WARN_OBJC_ROOT_CLASS = YES_ERROR;
				CLANG_WARN_RANGE_LOOP_ANALYSIS = YES;
				CLANG_WARN_STRICT_PROTOTYPES = YES;
				CLANG_WARN_SUSPICIOUS_MOVE = YES;
				CLANG_WARN_UNGUARDED_AVAILABILITY = YES_AGGRESSIVE;
				CLANG_WARN_UNREACHABLE_CODE = YES;
				CLANG_WARN__DUPLICATE_METHOD_MATCH = YES;
				CODE_SIGN_IDENTITY = "iPhone Developer";
				COPY_PHASE_STRIP = NO;
				DEBUG_INFORMATION_FORMAT = dwarf;
				ENABLE_STRICT_OBJC_MSGSEND = YES;
				ENABLE_TESTABILITY = YES;
				GCC_C_LANGUAGE_STANDARD = gnu11;
				GCC_DYNAMIC_NO_PIC = NO;
				GCC_NO_COMMON_BLOCKS = YES;
				GCC_OPTIMIZATION_LEVEL = 0;
				GCC_PREPROCESSOR_DEFINITIONS = (
					"DEBUG=1",
					"$(inherited)",
				);
				GCC_WARN_64_TO_32_BIT_CONVERSION = YES;
				GCC_WARN_ABOUT_RETURN_TYPE = YES_ERROR;
				GCC_WARN_UNDECLARED_SELECTOR = YES;
				GCC_WARN_UNINITIALIZED_AUTOS = YES_AGGRESSIVE;
				GCC_WARN_UNUSED_FUNCTION = YES;
				GCC_WARN_UNUSED_VARIABLE = YES;
				IPHONEOS_DEPLOYMENT_TARGET = 12.1;
				MTL_ENABLE_DEBUG_INFO = INCLUDE_SOURCE;
				MTL_FAST_MATH = YES;
				ONLY_ACTIVE_ARCH = YES;
				SDKROOT = iphoneos;
				SWIFT_ACTIVE_COMPILATION_CONDITIONS = DEBUG;
				SWIFT_OPTIMIZATION_LEVEL = "-Onone";
			};
			name = Debug;
		};
		76FDEBF721DAACD5005EF4D5 /* Release */ = {
			isa = XCBuildConfiguration;
			buildSettings = {
				ALWAYS_SEARCH_USER_PATHS = NO;
				CLANG_ANALYZER_NONNULL = YES;
				CLANG_ANALYZER_NUMBER_OBJECT_CONVERSION = YES_AGGRESSIVE;
				CLANG_CXX_LANGUAGE_STANDARD = "gnu++14";
				CLANG_CXX_LIBRARY = "libc++";
				CLANG_ENABLE_MODULES = YES;
				CLANG_ENABLE_OBJC_ARC = YES;
				CLANG_ENABLE_OBJC_WEAK = YES;
				CLANG_WARN_BLOCK_CAPTURE_AUTORELEASING = YES;
				CLANG_WARN_BOOL_CONVERSION = YES;
				CLANG_WARN_COMMA = YES;
				CLANG_WARN_CONSTANT_CONVERSION = YES;
				CLANG_WARN_DEPRECATED_OBJC_IMPLEMENTATIONS = YES;
				CLANG_WARN_DIRECT_OBJC_ISA_USAGE = YES_ERROR;
				CLANG_WARN_DOCUMENTATION_COMMENTS = YES;
				CLANG_WARN_EMPTY_BODY = YES;
				CLANG_WARN_ENUM_CONVERSION = YES;
				CLANG_WARN_INFINITE_RECURSION = YES;
				CLANG_WARN_INT_CONVERSION = YES;
				CLANG_WARN_NON_LITERAL_NULL_CONVERSION = YES;
				CLANG_WARN_OBJC_IMPLICIT_RETAIN_SELF = YES;
				CLANG_WARN_OBJC_LITERAL_CONVERSION = YES;
				CLANG_WARN_OBJC_ROOT_CLASS = YES_ERROR;
				CLANG_WARN_RANGE_LOOP_ANALYSIS = YES;
				CLANG_WARN_STRICT_PROTOTYPES = YES;
				CLANG_WARN_SUSPICIOUS_MOVE = YES;
				CLANG_WARN_UNGUARDED_AVAILABILITY = YES_AGGRESSIVE;
				CLANG_WARN_UNREACHABLE_CODE = YES;
				CLANG_WARN__DUPLICATE_METHOD_MATCH = YES;
				CODE_SIGN_IDENTITY = "iPhone Developer";
				COPY_PHASE_STRIP = NO;
				DEBUG_INFORMATION_FORMAT = "dwarf-with-dsym";
				ENABLE_NS_ASSERTIONS = NO;
				ENABLE_STRICT_OBJC_MSGSEND = YES;
				GCC_C_LANGUAGE_STANDARD = gnu11;
				GCC_NO_COMMON_BLOCKS = YES;
				GCC_WARN_64_TO_32_BIT_CONVERSION = YES;
				GCC_WARN_ABOUT_RETURN_TYPE = YES_ERROR;
				GCC_WARN_UNDECLARED_SELECTOR = YES;
				GCC_WARN_UNINITIALIZED_AUTOS = YES_AGGRESSIVE;
				GCC_WARN_UNUSED_FUNCTION = YES;
				GCC_WARN_UNUSED_VARIABLE = YES;
				IPHONEOS_DEPLOYMENT_TARGET = 12.1;
				MTL_ENABLE_DEBUG_INFO = NO;
				MTL_FAST_MATH = YES;
				SDKROOT = iphoneos;
				SWIFT_COMPILATION_MODE = wholemodule;
				SWIFT_OPTIMIZATION_LEVEL = "-O";
				VALIDATE_PRODUCT = YES;
			};
			name = Release;
		};
		76FDEBF921DAACD5005EF4D5 /* Debug */ = {
			isa = XCBuildConfiguration;
			buildSettings = {
				ASSETCATALOG_COMPILER_APPICON_NAME = AppIcon;
				CODE_SIGN_STYLE = Automatic;
				DEVELOPMENT_TEAM = 747K2UK43T;
				INFOPLIST_FILE = "Qontact-v2/Info.plist";
				LD_RUNPATH_SEARCH_PATHS = (
					"$(inherited)",
					"@executable_path/Frameworks",
				);
				PRODUCT_BUNDLE_IDENTIFIER = "Zac-Rohin.Qontact-v2";
				PRODUCT_NAME = "$(TARGET_NAME)";
				SWIFT_VERSION = 4.2;
				TARGETED_DEVICE_FAMILY = "1,2";
			};
			name = Debug;
		};
		76FDEBFA21DAACD5005EF4D5 /* Release */ = {
			isa = XCBuildConfiguration;
			buildSettings = {
				ASSETCATALOG_COMPILER_APPICON_NAME = AppIcon;
				CODE_SIGN_STYLE = Automatic;
				DEVELOPMENT_TEAM = 747K2UK43T;
				INFOPLIST_FILE = "Qontact-v2/Info.plist";
				LD_RUNPATH_SEARCH_PATHS = (
					"$(inherited)",
					"@executable_path/Frameworks",
				);
				PRODUCT_BUNDLE_IDENTIFIER = "Zac-Rohin.Qontact-v2";
				PRODUCT_NAME = "$(TARGET_NAME)";
				SWIFT_VERSION = 4.2;
				TARGETED_DEVICE_FAMILY = "1,2";
			};
			name = Release;
		};
		76FDEBFC21DAACD5005EF4D5 /* Debug */ = {
			isa = XCBuildConfiguration;
			buildSettings = {
				ALWAYS_EMBED_SWIFT_STANDARD_LIBRARIES = YES;
				BUNDLE_LOADER = "$(TEST_HOST)";
				CODE_SIGN_STYLE = Automatic;
				DEVELOPMENT_TEAM = 747K2UK43T;
				INFOPLIST_FILE = "Qontact-v2Tests/Info.plist";
				LD_RUNPATH_SEARCH_PATHS = (
					"$(inherited)",
					"@executable_path/Frameworks",
					"@loader_path/Frameworks",
				);
				PRODUCT_BUNDLE_IDENTIFIER = "Zac-Rohin.Qontact-v2Tests";
				PRODUCT_NAME = "$(TARGET_NAME)";
				SWIFT_VERSION = 4.2;
				TARGETED_DEVICE_FAMILY = "1,2";
				TEST_HOST = "$(BUILT_PRODUCTS_DIR)/Qontact-v2.app/Qontact-v2";
			};
			name = Debug;
		};
		76FDEBFD21DAACD5005EF4D5 /* Release */ = {
			isa = XCBuildConfiguration;
			buildSettings = {
				ALWAYS_EMBED_SWIFT_STANDARD_LIBRARIES = YES;
				BUNDLE_LOADER = "$(TEST_HOST)";
				CODE_SIGN_STYLE = Automatic;
				DEVELOPMENT_TEAM = 747K2UK43T;
				INFOPLIST_FILE = "Qontact-v2Tests/Info.plist";
				LD_RUNPATH_SEARCH_PATHS = (
					"$(inherited)",
					"@executable_path/Frameworks",
					"@loader_path/Frameworks",
				);
				PRODUCT_BUNDLE_IDENTIFIER = "Zac-Rohin.Qontact-v2Tests";
				PRODUCT_NAME = "$(TARGET_NAME)";
				SWIFT_VERSION = 4.2;
				TARGETED_DEVICE_FAMILY = "1,2";
				TEST_HOST = "$(BUILT_PRODUCTS_DIR)/Qontact-v2.app/Qontact-v2";
			};
			name = Release;
		};
		76FDEBFF21DAACD5005EF4D5 /* Debug */ = {
			isa = XCBuildConfiguration;
			buildSettings = {
				ALWAYS_EMBED_SWIFT_STANDARD_LIBRARIES = YES;
				CODE_SIGN_STYLE = Automatic;
				DEVELOPMENT_TEAM = 747K2UK43T;
				INFOPLIST_FILE = "Qontact-v2UITests/Info.plist";
				LD_RUNPATH_SEARCH_PATHS = (
					"$(inherited)",
					"@executable_path/Frameworks",
					"@loader_path/Frameworks",
				);
				PRODUCT_BUNDLE_IDENTIFIER = "Zac-Rohin.Qontact-v2UITests";
				PRODUCT_NAME = "$(TARGET_NAME)";
				SWIFT_VERSION = 4.2;
				TARGETED_DEVICE_FAMILY = "1,2";
				TEST_TARGET_NAME = "Qontact-v2";
			};
			name = Debug;
		};
		76FDEC0021DAACD5005EF4D5 /* Release */ = {
			isa = XCBuildConfiguration;
			buildSettings = {
				ALWAYS_EMBED_SWIFT_STANDARD_LIBRARIES = YES;
				CODE_SIGN_STYLE = Automatic;
				DEVELOPMENT_TEAM = 747K2UK43T;
				INFOPLIST_FILE = "Qontact-v2UITests/Info.plist";
				LD_RUNPATH_SEARCH_PATHS = (
					"$(inherited)",
					"@executable_path/Frameworks",
					"@loader_path/Frameworks",
				);
				PRODUCT_BUNDLE_IDENTIFIER = "Zac-Rohin.Qontact-v2UITests";
				PRODUCT_NAME = "$(TARGET_NAME)";
				SWIFT_VERSION = 4.2;
				TARGETED_DEVICE_FAMILY = "1,2";
				TEST_TARGET_NAME = "Qontact-v2";
			};
			name = Release;
		};
/* End XCBuildConfiguration section */

/* Begin XCConfigurationList section */
		76FDEBCB21DAACD4005EF4D5 /* Build configuration list for PBXProject "Qontact-v2" */ = {
			isa = XCConfigurationList;
			buildConfigurations = (
				76FDEBF621DAACD5005EF4D5 /* Debug */,
				76FDEBF721DAACD5005EF4D5 /* Release */,
			);
			defaultConfigurationIsVisible = 0;
			defaultConfigurationName = Release;
		};
		76FDEBF821DAACD5005EF4D5 /* Build configuration list for PBXNativeTarget "Qontact-v2" */ = {
			isa = XCConfigurationList;
			buildConfigurations = (
				76FDEBF921DAACD5005EF4D5 /* Debug */,
				76FDEBFA21DAACD5005EF4D5 /* Release */,
			);
			defaultConfigurationIsVisible = 0;
			defaultConfigurationName = Release;
		};
		76FDEBFB21DAACD5005EF4D5 /* Build configuration list for PBXNativeTarget "Qontact-v2Tests" */ = {
			isa = XCConfigurationList;
			buildConfigurations = (
				76FDEBFC21DAACD5005EF4D5 /* Debug */,
				76FDEBFD21DAACD5005EF4D5 /* Release */,
			);
			defaultConfigurationIsVisible = 0;
			defaultConfigurationName = Release;
		};
		76FDEBFE21DAACD5005EF4D5 /* Build configuration list for PBXNativeTarget "Qontact-v2UITests" */ = {
			isa = XCConfigurationList;
			buildConfigurations = (
				76FDEBFF21DAACD5005EF4D5 /* Debug */,
				76FDEC0021DAACD5005EF4D5 /* Release */,
			);
			defaultConfigurationIsVisible = 0;
			defaultConfigurationName = Release;
		};
/* End XCConfigurationList section */
	};
	rootObject = 76FDEBC821DAACD4005EF4D5 /* Project object */;
}
